
Microsoft Visual Studio Solution File, Format Version 12.00
# Visual Studio Version 16
VisualStudioVersion = 16.0.32106.194
MinimumVisualStudioVersion = 10.0.40219.1
Project("{FAE04EC0-301F-11D3-BF4B-00C04F79EFBC}") = "GitFun", "GitFun\GitFun.csproj", "{ED37636C-DF80-43AB-B827-F9EFBD9D7A27}"
EndProject
Global
	GlobalSection(SolutionConfigurationPlatforms) = preSolution
		Debug|Any CPU = Debug|Any CPU
		Release|Any CPU = Release|Any CPU
	EndGlobalSection
	GlobalSection(ProjectConfigurationPlatforms) = postSolution
		{ED37636C-DF80-43AB-B827-F9EFBD9D7A27}.Debug|Any CPU.ActiveCfg = Debug|Any CPU
		{ED37636C-DF80-43AB-B827-F9EFBD9D7A27}.Debug|Any CPU.Build.0 = Debug|Any CPU
		{ED37636C-DF80-43AB-B827-F9EFBD9D7A27}.Release|Any CPU.ActiveCfg = Release|Any CPU
		{ED37636C-DF80-43AB-B827-F9EFBD9D7A27}.Release|Any CPU.Build.0 = Release|Any CPU
	EndGlobalSection
	GlobalSection(SolutionProperties) = preSolution
		HideSolutionNode = FALSE
	EndGlobalSection
	GlobalSection(ExtensibilityGlobals) = postSolution
		SolutionGuid = {06DD7364-59D0-42CB-8584-434775AC5319}
	EndGlobalSection
EndGlobal
